
Microsoft Visual Studio Solution File, Format Version 12.00
# Visual Studio 2013
VisualStudioVersion = 12.0.31101.0
MinimumVisualStudioVersion = 10.0.40219.1
Project("{FAE04EC0-301F-11D3-BF4B-00C04F79EFBC}") = "PhoneApp1", "PhoneApp1\PhoneApp1.csproj", "{CC89B6CD-F33D-4B73-9D79-D42DCE135216}"
EndProject
Project("{FAE04EC0-301F-11D3-BF4B-00C04F79EFBC}") = "PushNotificationServer", "PushNotificationServer\PushNotificationServer.csproj", "{83DABAEA-6F9D-4556-A759-B5A7112A3EC9}"
EndProject
Global
	GlobalSection(SolutionConfigurationPlatforms) = preSolution
		Debug|Any CPU = Debug|Any CPU
		Debug|ARM = Debug|ARM
		Debug|x86 = Debug|x86
		Release|Any CPU = Release|Any CPU
		Release|ARM = Release|ARM
		Release|x86 = Release|x86
	EndGlobalSection
	GlobalSection(ProjectConfigurationPlatforms) = postSolution
		{CC89B6CD-F33D-4B73-9D79-D42DCE135216}.Debug|Any CPU.ActiveCfg = Debug|Any CPU
		{CC89B6CD-F33D-4B73-9D79-D42DCE135216}.Debug|Any CPU.Build.0 = Debug|Any CPU
		{CC89B6CD-F33D-4B73-9D79-D42DCE135216}.Debug|Any CPU.Deploy.0 = Debug|Any CPU
		{CC89B6CD-F33D-4B73-9D79-D42DCE135216}.Debug|ARM.ActiveCfg = Debug|ARM
		{CC89B6CD-F33D-4B73-9D79-D42DCE135216}.Debug|ARM.Build.0 = Debug|ARM
		{CC89B6CD-F33D-4B73-9D79-D42DCE135216}.Debug|ARM.Deploy.0 = Debug|ARM
		{CC89B6CD-F33D-4B73-9D79-D42DCE135216}.Debug|x86.ActiveCfg = Debug|x86
		{CC89B6CD-F33D-4B73-9D79-D42DCE135216}.Debug|x86.Build.0 = Debug|x86
		{CC89B6CD-F33D-4B73-9D79-D42DCE135216}.Debug|x86.Deploy.0 = Debug|x86
		{CC89B6CD-F33D-4B73-9D79-D42DCE135216}.Release|Any CPU.ActiveCfg = Release|Any CPU
		{CC89B6CD-F33D-4B73-9D79-D42DCE135216}.Release|Any CPU.Build.0 = Release|Any CPU
		{CC89B6CD-F33D-4B73-9D79-D42DCE135216}.Release|Any CPU.Deploy.0 = Release|Any CPU
		{CC89B6CD-F33D-4B73-9D79-D42DCE135216}.Release|ARM.ActiveCfg = Release|ARM
		{CC89B6CD-F33D-4B73-9D79-D42DCE135216}.Release|ARM.Build.0 = Release|ARM
		{CC89B6CD-F33D-4B73-9D79-D42DCE135216}.Release|ARM.Deploy.0 = Release|ARM
		{CC89B6CD-F33D-4B73-9D79-D42DCE135216}.Release|x86.ActiveCfg = Release|x86
		{CC89B6CD-F33D-4B73-9D79-D42DCE135216}.Release|x86.Build.0 = Release|x86
		{CC89B6CD-F33D-4B73-9D79-D42DCE135216}.Release|x86.Deploy.0 = Release|x86
		{83DABAEA-6F9D-4556-A759-B5A7112A3EC9}.Debug|Any CPU.ActiveCfg = Debug|Any CPU
		{83DABAEA-6F9D-4556-A759-B5A7112A3EC9}.Debug|Any CPU.Build.0 = Debug|Any CPU
		{83DABAEA-6F9D-4556-A759-B5A7112A3EC9}.Debug|ARM.ActiveCfg = Debug|Any CPU
		{83DABAEA-6F9D-4556-A759-B5A7112A3EC9}.Debug|x86.ActiveCfg = Debug|Any CPU
		{83DABAEA-6F9D-4556-A759-B5A7112A3EC9}.Release|Any CPU.ActiveCfg = Release|Any CPU
		{83DABAEA-6F9D-4556-A759-B5A7112A3EC9}.Release|Any CPU.Build.0 = Release|Any CPU
		{83DABAEA-6F9D-4556-A759-B5A7112A3EC9}.Release|ARM.ActiveCfg = Release|Any CPU
		{83DABAEA-6F9D-4556-A759-B5A7112A3EC9}.Release|x86.ActiveCfg = Release|Any CPU
	EndGlobalSection
	GlobalSection(SolutionProperties) = preSolution
		HideSolutionNode = FALSE
	EndGlobalSection
EndGlobal
